
Microsoft Visual Studio Solution File, Format Version 12.00
# Visual Studio Version 17
VisualStudioVersion = 17.14.36511.14
MinimumVisualStudioVersion = 10.0.40219.1
Project("{FAE04EC0-301F-11D3-BF4B-00C04F79EFBC}") = "MonitAI.Core", "MonitAI.Core\MonitAI.Core.csproj", "{536E974F-CBEB-467D-9335-F44992C1E0E3}"
EndProject
Project("{FAE04EC0-301F-11D3-BF4B-00C04F79EFBC}") = "MonitAI.Agent", "MonitAI.Agent\MonitAI.Agent.csproj", "{3B216CEA-FD7F-4591-AEF4-9CE915104CF3}"
EndProject
Project("{FAE04EC0-301F-11D3-BF4B-00C04F79EFBC}") = "MonitAI.UI", "MonitAI.UI\MonitAI.UI.csproj", "{33596386-0434-4155-AA61-64602EF99DF9}"
EndProject
Global
	GlobalSection(SolutionConfigurationPlatforms) = preSolution
		Debug|Any CPU = Debug|Any CPU
		Release|Any CPU = Release|Any CPU
	EndGlobalSection
	GlobalSection(ProjectConfigurationPlatforms) = postSolution
		{536E974F-CBEB-467D-9335-F44992C1E0E3}.Debug|Any CPU.ActiveCfg = Debug|Any CPU
		{536E974F-CBEB-467D-9335-F44992C1E0E3}.Debug|Any CPU.Build.0 = Debug|Any CPU
		{536E974F-CBEB-467D-9335-F44992C1E0E3}.Release|Any CPU.ActiveCfg = Release|Any CPU
		{536E974F-CBEB-467D-9335-F44992C1E0E3}.Release|Any CPU.Build.0 = Release|Any CPU
		{3B216CEA-FD7F-4591-AEF4-9CE915104CF3}.Debug|Any CPU.ActiveCfg = Debug|Any CPU
		{3B216CEA-FD7F-4591-AEF4-9CE915104CF3}.Debug|Any CPU.Build.0 = Debug|Any CPU
		{3B216CEA-FD7F-4591-AEF4-9CE915104CF3}.Release|Any CPU.ActiveCfg = Release|Any CPU
		{3B216CEA-FD7F-4591-AEF4-9CE915104CF3}.Release|Any CPU.Build.0 = Release|Any CPU
		{33596386-0434-4155-AA61-64602EF99DF9}.Debug|Any CPU.ActiveCfg = Debug|Any CPU
		{33596386-0434-4155-AA61-64602EF99DF9}.Debug|Any CPU.Build.0 = Debug|Any CPU
		{33596386-0434-4155-AA61-64602EF99DF9}.Release|Any CPU.ActiveCfg = Release|Any CPU
		{33596386-0434-4155-AA61-64602EF99DF9}.Release|Any CPU.Build.0 = Release|Any CPU
	EndGlobalSection
	GlobalSection(SolutionProperties) = preSolution
		HideSolutionNode = FALSE
	EndGlobalSection
	GlobalSection(ExtensibilityGlobals) = postSolution
		SolutionGuid = {68E2246C-75D5-4A1A-82EC-8403BCDFDBF9}
	EndGlobalSection
EndGlobal
